
Microsoft Visual Studio Solution File, Format Version 12.00
# Visual Studio Version 16
VisualStudioVersion = 16.0.30517.126
MinimumVisualStudioVersion = 10.0.40219.1
Project("{FAE04EC0-301F-11D3-BF4B-00C04F79EFBC}") = "Ejercicio1", "Ejercicio1\Ejercicio1.csproj", "{4B0B846A-794D-447D-A5B2-E025BF345231}"
EndProject
Project("{FAE04EC0-301F-11D3-BF4B-00C04F79EFBC}") = "Ejercicio2", "Ejercicio2\Ejercicio2.csproj", "{B3E554E7-C053-42DB-ACA1-914CE1424F5F}"
EndProject
Project("{FAE04EC0-301F-11D3-BF4B-00C04F79EFBC}") = "Ejercicio3", "Ejercicio3\Ejercicio3.csproj", "{18E2EB6D-5CA2-4912-93C7-F2A4705BCA4E}"
EndProject
Project("{FAE04EC0-301F-11D3-BF4B-00C04F79EFBC}") = "Ejercicio4", "Ejercicio4\Ejercicio4.csproj", "{1D1525F2-E354-4787-B96D-2E03EFDC4FA7}"
EndProject
Global
	GlobalSection(SolutionConfigurationPlatforms) = preSolution
		Debug|Any CPU = Debug|Any CPU
		Release|Any CPU = Release|Any CPU
	EndGlobalSection
	GlobalSection(ProjectConfigurationPlatforms) = postSolution
		{4B0B846A-794D-447D-A5B2-E025BF345231}.Debug|Any CPU.ActiveCfg = Debug|Any CPU
		{4B0B846A-794D-447D-A5B2-E025BF345231}.Debug|Any CPU.Build.0 = Debug|Any CPU
		{4B0B846A-794D-447D-A5B2-E025BF345231}.Release|Any CPU.ActiveCfg = Release|Any CPU
		{4B0B846A-794D-447D-A5B2-E025BF345231}.Release|Any CPU.Build.0 = Release|Any CPU
		{B3E554E7-C053-42DB-ACA1-914CE1424F5F}.Debug|Any CPU.ActiveCfg = Debug|Any CPU
		{B3E554E7-C053-42DB-ACA1-914CE1424F5F}.Debug|Any CPU.Build.0 = Debug|Any CPU
		{B3E554E7-C053-42DB-ACA1-914CE1424F5F}.Release|Any CPU.ActiveCfg = Release|Any CPU
		{B3E554E7-C053-42DB-ACA1-914CE1424F5F}.Release|Any CPU.Build.0 = Release|Any CPU
		{18E2EB6D-5CA2-4912-93C7-F2A4705BCA4E}.Debug|Any CPU.ActiveCfg = Debug|Any CPU
		{18E2EB6D-5CA2-4912-93C7-F2A4705BCA4E}.Debug|Any CPU.Build.0 = Debug|Any CPU
		{18E2EB6D-5CA2-4912-93C7-F2A4705BCA4E}.Release|Any CPU.ActiveCfg = Release|Any CPU
		{18E2EB6D-5CA2-4912-93C7-F2A4705BCA4E}.Release|Any CPU.Build.0 = Release|Any CPU
		{1D1525F2-E354-4787-B96D-2E03EFDC4FA7}.Debug|Any CPU.ActiveCfg = Debug|Any CPU
		{1D1525F2-E354-4787-B96D-2E03EFDC4FA7}.Debug|Any CPU.Build.0 = Debug|Any CPU
		{1D1525F2-E354-4787-B96D-2E03EFDC4FA7}.Release|Any CPU.ActiveCfg = Release|Any CPU
		{1D1525F2-E354-4787-B96D-2E03EFDC4FA7}.Release|Any CPU.Build.0 = Release|Any CPU
	EndGlobalSection
	GlobalSection(SolutionProperties) = preSolution
		HideSolutionNode = FALSE
	EndGlobalSection
	GlobalSection(ExtensibilityGlobals) = postSolution
		SolutionGuid = {3AA3238D-2E98-469E-80AB-9E21FF4DA0BC}
	EndGlobalSection
EndGlobal
