
Microsoft Visual Studio Solution File, Format Version 12.00
# Visual Studio Version 16
VisualStudioVersion = 16.0.30523.141
MinimumVisualStudioVersion = 10.0.40219.1
Project("{FAE04EC0-301F-11D3-BF4B-00C04F79EFBC}") = "Ejemplo1", "Ejemplo1\Ejemplo1.csproj", "{0E98F602-6395-468F-AEFE-24538BA46D1B}"
EndProject
Global
	GlobalSection(SolutionConfigurationPlatforms) = preSolution
		Debug|Any CPU = Debug|Any CPU
		Release|Any CPU = Release|Any CPU
	EndGlobalSection
	GlobalSection(ProjectConfigurationPlatforms) = postSolution
		{0E98F602-6395-468F-AEFE-24538BA46D1B}.Debug|Any CPU.ActiveCfg = Debug|Any CPU
		{0E98F602-6395-468F-AEFE-24538BA46D1B}.Debug|Any CPU.Build.0 = Debug|Any CPU
		{0E98F602-6395-468F-AEFE-24538BA46D1B}.Release|Any CPU.ActiveCfg = Release|Any CPU
		{0E98F602-6395-468F-AEFE-24538BA46D1B}.Release|Any CPU.Build.0 = Release|Any CPU
	EndGlobalSection
	GlobalSection(SolutionProperties) = preSolution
		HideSolutionNode = FALSE
	EndGlobalSection
	GlobalSection(ExtensibilityGlobals) = postSolution
		SolutionGuid = {6B74060D-E484-4E55-B460-D39BCC81A98C}
	EndGlobalSection
EndGlobal
