
Microsoft Visual Studio Solution File, Format Version 12.00
# Visual Studio Version 16
VisualStudioVersion = 16.0.30907.101
MinimumVisualStudioVersion = 10.0.40219.1
Project("{FAE04EC0-301F-11D3-BF4B-00C04F79EFBC}") = "Proyecto", "Proyecto\Proyecto.csproj", "{DC305A74-A0DA-4A0D-9B57-AB1FE017276F}"
EndProject
Global
	GlobalSection(SolutionConfigurationPlatforms) = preSolution
		Debug|Any CPU = Debug|Any CPU
		Release|Any CPU = Release|Any CPU
	EndGlobalSection
	GlobalSection(ProjectConfigurationPlatforms) = postSolution
		{DC305A74-A0DA-4A0D-9B57-AB1FE017276F}.Debug|Any CPU.ActiveCfg = Debug|Any CPU
		{DC305A74-A0DA-4A0D-9B57-AB1FE017276F}.Debug|Any CPU.Build.0 = Debug|Any CPU
		{DC305A74-A0DA-4A0D-9B57-AB1FE017276F}.Release|Any CPU.ActiveCfg = Release|Any CPU
		{DC305A74-A0DA-4A0D-9B57-AB1FE017276F}.Release|Any CPU.Build.0 = Release|Any CPU
	EndGlobalSection
	GlobalSection(SolutionProperties) = preSolution
		HideSolutionNode = FALSE
	EndGlobalSection
	GlobalSection(ExtensibilityGlobals) = postSolution
		SolutionGuid = {083C2526-3F38-4FD3-817A-CE6B47F65775}
	EndGlobalSection
EndGlobal
