
Microsoft Visual Studio Solution File, Format Version 12.00
# Visual Studio Version 16
VisualStudioVersion = 16.0.30517.126
MinimumVisualStudioVersion = 10.0.40219.1
Project("{FAE04EC0-301F-11D3-BF4B-00C04F79EFBC}") = "Ejercicio1", "Ejercicio1\Ejercicio1.csproj", "{0452D266-D129-420D-9A03-184347A1B195}"
EndProject
Project("{FAE04EC0-301F-11D3-BF4B-00C04F79EFBC}") = "Ejercicio2", "Ejercicio2\Ejercicio2.csproj", "{A9C12CD4-CE5E-40AC-A106-DD136424A352}"
EndProject
Project("{FAE04EC0-301F-11D3-BF4B-00C04F79EFBC}") = "Ejercicio3", "Ejercicio3\Ejercicio3.csproj", "{C4EB87DE-5C5E-487A-9BEE-AF31152784B1}"
EndProject
Global
	GlobalSection(SolutionConfigurationPlatforms) = preSolution
		Debug|Any CPU = Debug|Any CPU
		Release|Any CPU = Release|Any CPU
	EndGlobalSection
	GlobalSection(ProjectConfigurationPlatforms) = postSolution
		{0452D266-D129-420D-9A03-184347A1B195}.Debug|Any CPU.ActiveCfg = Debug|Any CPU
		{0452D266-D129-420D-9A03-184347A1B195}.Debug|Any CPU.Build.0 = Debug|Any CPU
		{0452D266-D129-420D-9A03-184347A1B195}.Release|Any CPU.ActiveCfg = Release|Any CPU
		{0452D266-D129-420D-9A03-184347A1B195}.Release|Any CPU.Build.0 = Release|Any CPU
		{A9C12CD4-CE5E-40AC-A106-DD136424A352}.Debug|Any CPU.ActiveCfg = Debug|Any CPU
		{A9C12CD4-CE5E-40AC-A106-DD136424A352}.Debug|Any CPU.Build.0 = Debug|Any CPU
		{A9C12CD4-CE5E-40AC-A106-DD136424A352}.Release|Any CPU.ActiveCfg = Release|Any CPU
		{A9C12CD4-CE5E-40AC-A106-DD136424A352}.Release|Any CPU.Build.0 = Release|Any CPU
		{C4EB87DE-5C5E-487A-9BEE-AF31152784B1}.Debug|Any CPU.ActiveCfg = Debug|Any CPU
		{C4EB87DE-5C5E-487A-9BEE-AF31152784B1}.Debug|Any CPU.Build.0 = Debug|Any CPU
		{C4EB87DE-5C5E-487A-9BEE-AF31152784B1}.Release|Any CPU.ActiveCfg = Release|Any CPU
		{C4EB87DE-5C5E-487A-9BEE-AF31152784B1}.Release|Any CPU.Build.0 = Release|Any CPU
	EndGlobalSection
	GlobalSection(SolutionProperties) = preSolution
		HideSolutionNode = FALSE
	EndGlobalSection
	GlobalSection(ExtensibilityGlobals) = postSolution
		SolutionGuid = {1C059BB2-7E49-4813-84B6-5B95223B6CF2}
	EndGlobalSection
EndGlobal
