
Microsoft Visual Studio Solution File, Format Version 12.00
# Visual Studio Version 16
VisualStudioVersion = 16.0.30517.126
MinimumVisualStudioVersion = 10.0.40219.1
Project("{FAE04EC0-301F-11D3-BF4B-00C04F79EFBC}") = "Ejercicio1", "..\Ejercicio1\Ejercicio1\Ejercicio1.csproj", "{7EEC1919-92B7-4B55-8BF6-E3855B8A2CBF}"
EndProject
Project("{FAE04EC0-301F-11D3-BF4B-00C04F79EFBC}") = "MisBibliotecas", "..\Ejercicio1\MisBibliotecas\MisBibliotecas.csproj", "{90808F76-3E5D-4E8F-96BE-7CA90F44645A}"
EndProject
Project("{FAE04EC0-301F-11D3-BF4B-00C04F79EFBC}") = "Ejercicio2", "..\Ejercicio2\Ejercicio2.csproj", "{B44711A6-547F-4A2B-A441-0BAEFF86DAEB}"
EndProject
Project("{FAE04EC0-301F-11D3-BF4B-00C04F79EFBC}") = "Ejercicio3", "..\Ejercicio3\Practica8\Ejercicio3.csproj", "{E8FED3ED-7A55-4A30-8F8E-92A4AFD2C8D5}"
EndProject
Project("{FAE04EC0-301F-11D3-BF4B-00C04F79EFBC}") = "Ejercicio4", "..\Ejercicio4\Ejercicio4\Ejercicio4.csproj", "{7E7FA7A2-335E-44D8-ABBE-EFFD46CB599D}"
EndProject
Global
	GlobalSection(SolutionConfigurationPlatforms) = preSolution
		Debug|Any CPU = Debug|Any CPU
		Release|Any CPU = Release|Any CPU
	EndGlobalSection
	GlobalSection(ProjectConfigurationPlatforms) = postSolution
		{7EEC1919-92B7-4B55-8BF6-E3855B8A2CBF}.Debug|Any CPU.ActiveCfg = Debug|Any CPU
		{7EEC1919-92B7-4B55-8BF6-E3855B8A2CBF}.Debug|Any CPU.Build.0 = Debug|Any CPU
		{7EEC1919-92B7-4B55-8BF6-E3855B8A2CBF}.Release|Any CPU.ActiveCfg = Release|Any CPU
		{7EEC1919-92B7-4B55-8BF6-E3855B8A2CBF}.Release|Any CPU.Build.0 = Release|Any CPU
		{90808F76-3E5D-4E8F-96BE-7CA90F44645A}.Debug|Any CPU.ActiveCfg = Debug|Any CPU
		{90808F76-3E5D-4E8F-96BE-7CA90F44645A}.Debug|Any CPU.Build.0 = Debug|Any CPU
		{90808F76-3E5D-4E8F-96BE-7CA90F44645A}.Release|Any CPU.ActiveCfg = Release|Any CPU
		{90808F76-3E5D-4E8F-96BE-7CA90F44645A}.Release|Any CPU.Build.0 = Release|Any CPU
		{B44711A6-547F-4A2B-A441-0BAEFF86DAEB}.Debug|Any CPU.ActiveCfg = Debug|Any CPU
		{B44711A6-547F-4A2B-A441-0BAEFF86DAEB}.Debug|Any CPU.Build.0 = Debug|Any CPU
		{B44711A6-547F-4A2B-A441-0BAEFF86DAEB}.Release|Any CPU.ActiveCfg = Release|Any CPU
		{B44711A6-547F-4A2B-A441-0BAEFF86DAEB}.Release|Any CPU.Build.0 = Release|Any CPU
		{E8FED3ED-7A55-4A30-8F8E-92A4AFD2C8D5}.Debug|Any CPU.ActiveCfg = Debug|Any CPU
		{E8FED3ED-7A55-4A30-8F8E-92A4AFD2C8D5}.Debug|Any CPU.Build.0 = Debug|Any CPU
		{E8FED3ED-7A55-4A30-8F8E-92A4AFD2C8D5}.Release|Any CPU.ActiveCfg = Release|Any CPU
		{E8FED3ED-7A55-4A30-8F8E-92A4AFD2C8D5}.Release|Any CPU.Build.0 = Release|Any CPU
		{7E7FA7A2-335E-44D8-ABBE-EFFD46CB599D}.Debug|Any CPU.ActiveCfg = Debug|Any CPU
		{7E7FA7A2-335E-44D8-ABBE-EFFD46CB599D}.Debug|Any CPU.Build.0 = Debug|Any CPU
		{7E7FA7A2-335E-44D8-ABBE-EFFD46CB599D}.Release|Any CPU.ActiveCfg = Release|Any CPU
		{7E7FA7A2-335E-44D8-ABBE-EFFD46CB599D}.Release|Any CPU.Build.0 = Release|Any CPU
	EndGlobalSection
	GlobalSection(SolutionProperties) = preSolution
		HideSolutionNode = FALSE
	EndGlobalSection
	GlobalSection(ExtensibilityGlobals) = postSolution
		SolutionGuid = {65E2331B-B488-43DE-8FFF-D820CC57AE12}
	EndGlobalSection
EndGlobal
